
Microsoft Visual Studio Solution File, Format Version 12.00
# Visual Studio Version 16
VisualStudioVersion = 16.0.29306.81
MinimumVisualStudioVersion = 10.0.40219.1
Project("{FAE04EC0-301F-11D3-BF4B-00C04F79EFBC}") = "PokemonCOSeedDataBaseAPI", "PokemonCOSeedDataBaseAPI\PokemonCOSeedDataBaseAPI.csproj", "{2449E7FB-80B7-40D2-9980-33E8E5570C03}"
EndProject
Project("{FAE04EC0-301F-11D3-BF4B-00C04F79EFBC}") = "PokemonCOSeedDataBaseAPI.Tests", "PokemonCOSeedDataBaseAPI.Tests\PokemonCOSeedDataBaseAPI.Tests.csproj", "{C3137BDA-C052-492C-9E92-E9DB60CC571C}"
EndProject
Global
	GlobalSection(SolutionConfigurationPlatforms) = preSolution
		Debug|Any CPU = Debug|Any CPU
		Release|Any CPU = Release|Any CPU
	EndGlobalSection
	GlobalSection(ProjectConfigurationPlatforms) = postSolution
		{2449E7FB-80B7-40D2-9980-33E8E5570C03}.Debug|Any CPU.ActiveCfg = Debug|Any CPU
		{2449E7FB-80B7-40D2-9980-33E8E5570C03}.Debug|Any CPU.Build.0 = Debug|Any CPU
		{2449E7FB-80B7-40D2-9980-33E8E5570C03}.Release|Any CPU.ActiveCfg = Release|Any CPU
		{2449E7FB-80B7-40D2-9980-33E8E5570C03}.Release|Any CPU.Build.0 = Release|Any CPU
		{C3137BDA-C052-492C-9E92-E9DB60CC571C}.Debug|Any CPU.ActiveCfg = Debug|Any CPU
		{C3137BDA-C052-492C-9E92-E9DB60CC571C}.Debug|Any CPU.Build.0 = Debug|Any CPU
		{C3137BDA-C052-492C-9E92-E9DB60CC571C}.Release|Any CPU.ActiveCfg = Release|Any CPU
		{C3137BDA-C052-492C-9E92-E9DB60CC571C}.Release|Any CPU.Build.0 = Release|Any CPU
	EndGlobalSection
	GlobalSection(SolutionProperties) = preSolution
		HideSolutionNode = FALSE
	EndGlobalSection
	GlobalSection(ExtensibilityGlobals) = postSolution
		SolutionGuid = {97F5476F-E43B-4EC6-8ADF-516F9F736A6D}
	EndGlobalSection
EndGlobal
